
Microsoft Visual Studio Solution File, Format Version 12.00
# Visual Studio Version 16
VisualStudioVersion = 16.0.31529.145
MinimumVisualStudioVersion = 10.0.40219.1
Project("{9A19103F-16F7-4668-BE54-9A1E7A4F7556}") = "ConsistentHash", "ConsistentHash\ConsistentHash.csproj", "{D925A731-F982-4876-9C36-B447BF792BC7}"
EndProject
Project("{9A19103F-16F7-4668-BE54-9A1E7A4F7556}") = "ConsistentHashTests", "ConsistentHashTests\ConsistentHashTests.csproj", "{D1B517BB-4742-4F90-8F08-26CB8F701672}"
EndProject
Global
	GlobalSection(SolutionConfigurationPlatforms) = preSolution
		Debug|Any CPU = Debug|Any CPU
		Release|Any CPU = Release|Any CPU
	EndGlobalSection
	GlobalSection(ProjectConfigurationPlatforms) = postSolution
		{D925A731-F982-4876-9C36-B447BF792BC7}.Debug|Any CPU.ActiveCfg = Debug|Any CPU
		{D925A731-F982-4876-9C36-B447BF792BC7}.Debug|Any CPU.Build.0 = Debug|Any CPU
		{D925A731-F982-4876-9C36-B447BF792BC7}.Release|Any CPU.ActiveCfg = Release|Any CPU
		{D925A731-F982-4876-9C36-B447BF792BC7}.Release|Any CPU.Build.0 = Release|Any CPU
		{D1B517BB-4742-4F90-8F08-26CB8F701672}.Debug|Any CPU.ActiveCfg = Debug|Any CPU
		{D1B517BB-4742-4F90-8F08-26CB8F701672}.Debug|Any CPU.Build.0 = Debug|Any CPU
		{D1B517BB-4742-4F90-8F08-26CB8F701672}.Release|Any CPU.ActiveCfg = Release|Any CPU
		{D1B517BB-4742-4F90-8F08-26CB8F701672}.Release|Any CPU.Build.0 = Release|Any CPU
	EndGlobalSection
	GlobalSection(SolutionProperties) = preSolution
		HideSolutionNode = FALSE
	EndGlobalSection
	GlobalSection(ExtensibilityGlobals) = postSolution
		SolutionGuid = {174124E2-B1BC-4623-BB00-290898F34C9F}
	EndGlobalSection
EndGlobal
